
Microsoft Visual Studio Solution File, Format Version 12.00
# Visual Studio 15
VisualStudioVersion = 15.0.28307.489
MinimumVisualStudioVersion = 10.0.40219.1
Project("{FAE04EC0-301F-11D3-BF4B-00C04F79EFBC}") = "Server", "Server\Server.csproj", "{71FF50DE-54D2-48A9-92C2-1075EB806958}"
EndProject
Project("{FAE04EC0-301F-11D3-BF4B-00C04F79EFBC}") = "PEProtocol", "PEProtocol\PEProtocol.csproj", "{9B61085D-486D-4408-8D22-86FA8DACEFA3}"
EndProject
Global
	GlobalSection(SolutionConfigurationPlatforms) = preSolution
		Debug|Any CPU = Debug|Any CPU
		Release|Any CPU = Release|Any CPU
	EndGlobalSection
	GlobalSection(ProjectConfigurationPlatforms) = postSolution
		{71FF50DE-54D2-48A9-92C2-1075EB806958}.Debug|Any CPU.ActiveCfg = Debug|Any CPU
		{71FF50DE-54D2-48A9-92C2-1075EB806958}.Debug|Any CPU.Build.0 = Debug|Any CPU
		{71FF50DE-54D2-48A9-92C2-1075EB806958}.Release|Any CPU.ActiveCfg = Release|Any CPU
		{71FF50DE-54D2-48A9-92C2-1075EB806958}.Release|Any CPU.Build.0 = Release|Any CPU
		{9B61085D-486D-4408-8D22-86FA8DACEFA3}.Debug|Any CPU.ActiveCfg = Debug|Any CPU
		{9B61085D-486D-4408-8D22-86FA8DACEFA3}.Debug|Any CPU.Build.0 = Debug|Any CPU
		{9B61085D-486D-4408-8D22-86FA8DACEFA3}.Release|Any CPU.ActiveCfg = Release|Any CPU
		{9B61085D-486D-4408-8D22-86FA8DACEFA3}.Release|Any CPU.Build.0 = Release|Any CPU
	EndGlobalSection
	GlobalSection(SolutionProperties) = preSolution
		HideSolutionNode = FALSE
	EndGlobalSection
	GlobalSection(ExtensibilityGlobals) = postSolution
		SolutionGuid = {976FFBD0-2B7E-4C0B-95A7-DF3D4FE34F6A}
	EndGlobalSection
EndGlobal
